
Microsoft Visual Studio Solution File, Format Version 12.00
# Visual Studio Version 17
VisualStudioVersion = 17.4.33205.214
MinimumVisualStudioVersion = 10.0.40219.1
Project("{FAE04EC0-301F-11D3-BF4B-00C04F79EFBC}") = "Facsemete", "Facsemete.csproj", "{A07F08BF-281F-4A8C-A2A9-35038E82FFAF}"
EndProject
Global
	GlobalSection(SolutionConfigurationPlatforms) = preSolution
		Debug|Any CPU = Debug|Any CPU
		Release|Any CPU = Release|Any CPU
	EndGlobalSection
	GlobalSection(ProjectConfigurationPlatforms) = postSolution
		{A07F08BF-281F-4A8C-A2A9-35038E82FFAF}.Debug|Any CPU.ActiveCfg = Debug|Any CPU
		{A07F08BF-281F-4A8C-A2A9-35038E82FFAF}.Debug|Any CPU.Build.0 = Debug|Any CPU
		{A07F08BF-281F-4A8C-A2A9-35038E82FFAF}.Release|Any CPU.ActiveCfg = Release|Any CPU
		{A07F08BF-281F-4A8C-A2A9-35038E82FFAF}.Release|Any CPU.Build.0 = Release|Any CPU
	EndGlobalSection
	GlobalSection(SolutionProperties) = preSolution
		HideSolutionNode = FALSE
	EndGlobalSection
	GlobalSection(ExtensibilityGlobals) = postSolution
		SolutionGuid = {89BB82CE-6F3A-4AF3-A318-1BEB240D2A13}
	EndGlobalSection
EndGlobal
